
Microsoft Visual Studio Solution File, Format Version 12.00
# Visual Studio Version 17
VisualStudioVersion = 17.7.34221.43
MinimumVisualStudioVersion = 10.0.40219.1
Project("{FAE04EC0-301F-11D3-BF4B-00C04F79EFBC}") = "WinFormsApp1", "WinFormsApp1\WinFormsApp1.csproj", "{4C3E8796-D311-4D34-B08D-8CCBCECC23FC}"
EndProject
Global
	GlobalSection(SolutionConfigurationPlatforms) = preSolution
		Debug|Any CPU = Debug|Any CPU
		Release|Any CPU = Release|Any CPU
	EndGlobalSection
	GlobalSection(ProjectConfigurationPlatforms) = postSolution
		{4C3E8796-D311-4D34-B08D-8CCBCECC23FC}.Debug|Any CPU.ActiveCfg = Debug|Any CPU
		{4C3E8796-D311-4D34-B08D-8CCBCECC23FC}.Debug|Any CPU.Build.0 = Debug|Any CPU
		{4C3E8796-D311-4D34-B08D-8CCBCECC23FC}.Release|Any CPU.ActiveCfg = Release|Any CPU
		{4C3E8796-D311-4D34-B08D-8CCBCECC23FC}.Release|Any CPU.Build.0 = Release|Any CPU
	EndGlobalSection
	GlobalSection(SolutionProperties) = preSolution
		HideSolutionNode = FALSE
	EndGlobalSection
	GlobalSection(ExtensibilityGlobals) = postSolution
		SolutionGuid = {E4FF2B60-CDBD-45A4-AC62-168434A49CF7}
	EndGlobalSection
EndGlobal
